// !$*UTF8*$!
{
	archiveVersion = 1;
	classes = {
	};
	objectVersion = 50;
	objects = {

/* Begin PBXBuildFile section */
		2600B27B219DFCD000B6A55B /* MyProfileViewController.swift in Sources */ = {isa = PBXBuildFile; fileRef = 2600B27A219DFCD000B6A55B /* MyProfileViewController.swift */; };
		26218C1521A3A47300D6FBC6 /* AddItemViewController.swift in Sources */ = {isa = PBXBuildFile; fileRef = 26218C1421A3A47300D6FBC6 /* AddItemViewController.swift */; };
		26772E0C219B96E100F5EAF8 /* AppDelegate.swift in Sources */ = {isa = PBXBuildFile; fileRef = 26772E0B219B96E100F5EAF8 /* AppDelegate.swift */; };
		26772E11219B96E100F5EAF8 /* Main.storyboard in Resources */ = {isa = PBXBuildFile; fileRef = 26772E0F219B96E100F5EAF8 /* Main.storyboard */; };
		26772E13219B96E100F5EAF8 /* Assets.xcassets in Resources */ = {isa = PBXBuildFile; fileRef = 26772E12219B96E100F5EAF8 /* Assets.xcassets */; };
		26772E16219B96E100F5EAF8 /* LaunchScreen.storyboard in Resources */ = {isa = PBXBuildFile; fileRef = 26772E14219B96E100F5EAF8 /* LaunchScreen.storyboard */; };
		26772E1E219B9FAF00F5EAF8 /* SignUpViewController.swift in Sources */ = {isa = PBXBuildFile; fileRef = 26772E1D219B9FAF00F5EAF8 /* SignUpViewController.swift */; };
		26772E22219BA1FF00F5EAF8 /* LandingScreenViewController.swift in Sources */ = {isa = PBXBuildFile; fileRef = 26772E21219BA1FF00F5EAF8 /* LandingScreenViewController.swift */; };
		26A23D6A21A39A9B004D95D8 /* GoogleService-Info.plist in Resources */ = {isa = PBXBuildFile; fileRef = 26A23D6921A39A9B004D95D8 /* GoogleService-Info.plist */; };
		26A6AEAA219E0F82009157D6 /* PasswordResetViewController.swift in Sources */ = {isa = PBXBuildFile; fileRef = 26A6AEA9219E0F82009157D6 /* PasswordResetViewController.swift */; };
		26B38804219DE371000F176F /* tabBarController.swift in Sources */ = {isa = PBXBuildFile; fileRef = 26B38803219DE371000F176F /* tabBarController.swift */; };
		26F2A8FE21AB4DFD0058621F /* AddItemViewControllerImages.swift in Sources */ = {isa = PBXBuildFile; fileRef = 26F2A8FD21AB4DFD0058621F /* AddItemViewControllerImages.swift */; };
		26F2A90021AB50620058621F /* AddItemViewControllerLocation.swift in Sources */ = {isa = PBXBuildFile; fileRef = 26F2A8FF21AB50620058621F /* AddItemViewControllerLocation.swift */; };
		9F2463D2219FB844002A180F /* mapViewController.swift in Sources */ = {isa = PBXBuildFile; fileRef = 9F2463D1219FB844002A180F /* mapViewController.swift */; };
		FE21A1EFF415C240A0D9A7C3 /* Pods_FinalProjectiOS.framework in Frameworks */ = {isa = PBXBuildFile; fileRef = 337B2501691A89701376615E /* Pods_FinalProjectiOS.framework */; };
/* End PBXBuildFile section */

/* Begin PBXFileReference section */
		2506D2A1E15411F60EFB0AC2 /* Pods-FinalProjectiOS.release.xcconfig */ = {isa = PBXFileReference; includeInIndex = 1; lastKnownFileType = text.xcconfig; name = "Pods-FinalProjectiOS.release.xcconfig"; path = "Pods/Target Support Files/Pods-FinalProjectiOS/Pods-FinalProjectiOS.release.xcconfig"; sourceTree = "<group>"; };
		2600B27A219DFCD000B6A55B /* MyProfileViewController.swift */ = {isa = PBXFileReference; lastKnownFileType = sourcecode.swift; path = MyProfileViewController.swift; sourceTree = "<group>"; };
		26218C1421A3A47300D6FBC6 /* AddItemViewController.swift */ = {isa = PBXFileReference; lastKnownFileType = sourcecode.swift; path = AddItemViewController.swift; sourceTree = "<group>"; };
		26772E08219B96E100F5EAF8 /* FinalProjectiOS.app */ = {isa = PBXFileReference; explicitFileType = wrapper.application; includeInIndex = 0; path = FinalProjectiOS.app; sourceTree = BUILT_PRODUCTS_DIR; };
		26772E0B219B96E100F5EAF8 /* AppDelegate.swift */ = {isa = PBXFileReference; lastKnownFileType = sourcecode.swift; path = AppDelegate.swift; sourceTree = "<group>"; };
		26772E10219B96E100F5EAF8 /* Base */ = {isa = PBXFileReference; lastKnownFileType = file.storyboard; name = Base; path = Base.lproj/Main.storyboard; sourceTree = "<group>"; };
		26772E12219B96E100F5EAF8 /* Assets.xcassets */ = {isa = PBXFileReference; lastKnownFileType = folder.assetcatalog; path = Assets.xcassets; sourceTree = "<group>"; };
		26772E15219B96E100F5EAF8 /* Base */ = {isa = PBXFileReference; lastKnownFileType = file.storyboard; name = Base; path = Base.lproj/LaunchScreen.storyboard; sourceTree = "<group>"; };
		26772E17219B96E100F5EAF8 /* Info.plist */ = {isa = PBXFileReference; lastKnownFileType = text.plist.xml; path = Info.plist; sourceTree = "<group>"; };
		26772E1D219B9FAF00F5EAF8 /* SignUpViewController.swift */ = {isa = PBXFileReference; lastKnownFileType = sourcecode.swift; path = SignUpViewController.swift; sourceTree = "<group>"; };
		26772E21219BA1FF00F5EAF8 /* LandingScreenViewController.swift */ = {isa = PBXFileReference; lastKnownFileType = sourcecode.swift; path = LandingScreenViewController.swift; sourceTree = "<group>"; };
		26A23D6921A39A9B004D95D8 /* GoogleService-Info.plist */ = {isa = PBXFileReference; fileEncoding = 4; lastKnownFileType = text.plist.xml; path = "GoogleService-Info.plist"; sourceTree = "<group>"; };
		26A6AEA9219E0F82009157D6 /* PasswordResetViewController.swift */ = {isa = PBXFileReference; lastKnownFileType = sourcecode.swift; path = PasswordResetViewController.swift; sourceTree = "<group>"; };
		26B38803219DE371000F176F /* tabBarController.swift */ = {isa = PBXFileReference; lastKnownFileType = sourcecode.swift; path = tabBarController.swift; sourceTree = "<group>"; };
		26F2A8FD21AB4DFD0058621F /* AddItemViewControllerImages.swift */ = {isa = PBXFileReference; lastKnownFileType = sourcecode.swift; path = AddItemViewControllerImages.swift; sourceTree = "<group>"; };
		26F2A8FF21AB50620058621F /* AddItemViewControllerLocation.swift */ = {isa = PBXFileReference; lastKnownFileType = sourcecode.swift; path = AddItemViewControllerLocation.swift; sourceTree = "<group>"; };
		337B2501691A89701376615E /* Pods_FinalProjectiOS.framework */ = {isa = PBXFileReference; explicitFileType = wrapper.framework; includeInIndex = 0; path = Pods_FinalProjectiOS.framework; sourceTree = BUILT_PRODUCTS_DIR; };
		9F2463D1219FB844002A180F /* mapViewController.swift */ = {isa = PBXFileReference; lastKnownFileType = sourcecode.swift; path = mapViewController.swift; sourceTree = "<group>"; };
		CB4CCA8A6AD509FA17DDBA17 /* Pods-FinalProjectiOS.debug.xcconfig */ = {isa = PBXFileReference; includeInIndex = 1; lastKnownFileType = text.xcconfig; name = "Pods-FinalProjectiOS.debug.xcconfig"; path = "Pods/Target Support Files/Pods-FinalProjectiOS/Pods-FinalProjectiOS.debug.xcconfig"; sourceTree = "<group>"; };
/* End PBXFileReference section */

/* Begin PBXFrameworksBuildPhase section */
		26772E05219B96E000F5EAF8 /* Frameworks */ = {
			isa = PBXFrameworksBuildPhase;
			buildActionMask = 2147483647;
			files = (
				FE21A1EFF415C240A0D9A7C3 /* Pods_FinalProjectiOS.framework in Frameworks */,
			);
			runOnlyForDeploymentPostprocessing = 0;
		};
/* End PBXFrameworksBuildPhase section */

/* Begin PBXGroup section */
		26772DFF219B96E000F5EAF8 = {
			isa = PBXGroup;
			children = (
				26772E0A219B96E100F5EAF8 /* FinalProjectiOS */,
				26772E09219B96E100F5EAF8 /* Products */,
				3126155DD9AA5E064D626E91 /* Pods */,
				897407F4DF11FF3385B66B1E /* Frameworks */,
			);
			sourceTree = "<group>";
		};
		26772E09219B96E100F5EAF8 /* Products */ = {
			isa = PBXGroup;
			children = (
				26772E08219B96E100F5EAF8 /* FinalProjectiOS.app */,
			);
			name = Products;
			sourceTree = "<group>";
		};
		26772E0A219B96E100F5EAF8 /* FinalProjectiOS */ = {
			isa = PBXGroup;
			children = (
				26772E0B219B96E100F5EAF8 /* AppDelegate.swift */,
				26218C1421A3A47300D6FBC6 /* AddItemViewController.swift */,
				26772E1D219B9FAF00F5EAF8 /* SignUpViewController.swift */,
				26772E21219BA1FF00F5EAF8 /* LandingScreenViewController.swift */,
				26772E0F219B96E100F5EAF8 /* Main.storyboard */,
				26F2A8FF21AB50620058621F /* AddItemViewControllerLocation.swift */,
				26F2A8FD21AB4DFD0058621F /* AddItemViewControllerImages.swift */,
				26A6AEA9219E0F82009157D6 /* PasswordResetViewController.swift */,
				2600B27A219DFCD000B6A55B /* MyProfileViewController.swift */,
				9F2463D1219FB844002A180F /* mapViewController.swift */,
				26B38803219DE371000F176F /* tabBarController.swift */,
				26772E12219B96E100F5EAF8 /* Assets.xcassets */,
				26772E14219B96E100F5EAF8 /* LaunchScreen.storyboard */,
				26A23D6921A39A9B004D95D8 /* GoogleService-Info.plist */,
				26772E17219B96E100F5EAF8 /* Info.plist */,
			);
			path = FinalProjectiOS;
			sourceTree = "<group>";
		};
		3126155DD9AA5E064D626E91 /* Pods */ = {
			isa = PBXGroup;
			children = (
				CB4CCA8A6AD509FA17DDBA17 /* Pods-FinalProjectiOS.debug.xcconfig */,
				2506D2A1E15411F60EFB0AC2 /* Pods-FinalProjectiOS.release.xcconfig */,
			);
			name = Pods;
			sourceTree = "<group>";
		};
		897407F4DF11FF3385B66B1E /* Frameworks */ = {
			isa = PBXGroup;
			children = (
				337B2501691A89701376615E /* Pods_FinalProjectiOS.framework */,
			);
			name = Frameworks;
			sourceTree = "<group>";
		};
/* End PBXGroup section */

/* Begin PBXNativeTarget section */
		26772E07219B96E000F5EAF8 /* FinalProjectiOS */ = {
			isa = PBXNativeTarget;
			buildConfigurationList = 26772E1A219B96E100F5EAF8 /* Build configuration list for PBXNativeTarget "FinalProjectiOS" */;
			buildPhases = (
				AC69EAD43231FA8FBCBD9679 /* [CP] Check Pods Manifest.lock */,
				26772E04219B96E000F5EAF8 /* Sources */,
				26772E05219B96E000F5EAF8 /* Frameworks */,
				26772E06219B96E000F5EAF8 /* Resources */,
				9EB29D93A90C4F91066EBCDE /* [CP] Embed Pods Frameworks */,
				CB3F13FE430C21289D02BF85 /* [CP] Copy Pods Resources */,
			);
			buildRules = (
			);
			dependencies = (
			);
			name = FinalProjectiOS;
			productName = FinalProjectiOS;
			productReference = 26772E08219B96E100F5EAF8 /* FinalProjectiOS.app */;
			productType = "com.apple.product-type.application";
		};
/* End PBXNativeTarget section */

/* Begin PBXProject section */
		26772E00219B96E000F5EAF8 /* Project object */ = {
			isa = PBXProject;
			attributes = {
				LastSwiftUpdateCheck = 1010;
				LastUpgradeCheck = 1010;
				ORGANIZATIONNAME = Tin;
				TargetAttributes = {
					26772E07219B96E000F5EAF8 = {
						CreatedOnToolsVersion = 10.1;
					};
				};
			};
			buildConfigurationList = 26772E03219B96E000F5EAF8 /* Build configuration list for PBXProject "FinalProjectiOS" */;
			compatibilityVersion = "Xcode 9.3";
			developmentRegion = en;
			hasScannedForEncodings = 0;
			knownRegions = (
				en,
				Base,
			);
			mainGroup = 26772DFF219B96E000F5EAF8;
			productRefGroup = 26772E09219B96E100F5EAF8 /* Products */;
			projectDirPath = "";
			projectRoot = "";
			targets = (
				26772E07219B96E000F5EAF8 /* FinalProjectiOS */,
			);
		};
/* End PBXProject section */

/* Begin PBXResourcesBuildPhase section */
		26772E06219B96E000F5EAF8 /* Resources */ = {
			isa = PBXResourcesBuildPhase;
			buildActionMask = 2147483647;
			files = (
				26772E16219B96E100F5EAF8 /* LaunchScreen.storyboard in Resources */,
				26A23D6A21A39A9B004D95D8 /* GoogleService-Info.plist in Resources */,
				26772E13219B96E100F5EAF8 /* Assets.xcassets in Resources */,
				26772E11219B96E100F5EAF8 /* Main.storyboard in Resources */,
			);
			runOnlyForDeploymentPostprocessing = 0;
		};
/* End PBXResourcesBuildPhase section */

/* Begin PBXShellScriptBuildPhase section */
		9EB29D93A90C4F91066EBCDE /* [CP] Embed Pods Frameworks */ = {
			isa = PBXShellScriptBuildPhase;
			buildActionMask = 2147483647;
			files = (
			);
			inputFileListPaths = (
			);
			inputPaths = (
				"${SRCROOT}/Pods/Target Support Files/Pods-FinalProjectiOS/Pods-FinalProjectiOS-frameworks.sh",
				"${BUILT_PRODUCTS_DIR}/GTMSessionFetcher/GTMSessionFetcher.framework",
				"${BUILT_PRODUCTS_DIR}/GoogleUtilities/GoogleUtilities.framework",
				"${BUILT_PRODUCTS_DIR}/leveldb-library/leveldb.framework",
				"${BUILT_PRODUCTS_DIR}/nanopb/nanopb.framework",
			);
			name = "[CP] Embed Pods Frameworks";
			outputFileListPaths = (
			);
			outputPaths = (
				"${TARGET_BUILD_DIR}/${FRAMEWORKS_FOLDER_PATH}/GTMSessionFetcher.framework",
				"${TARGET_BUILD_DIR}/${FRAMEWORKS_FOLDER_PATH}/GoogleUtilities.framework",
				"${TARGET_BUILD_DIR}/${FRAMEWORKS_FOLDER_PATH}/leveldb.framework",
				"${TARGET_BUILD_DIR}/${FRAMEWORKS_FOLDER_PATH}/nanopb.framework",
			);
			runOnlyForDeploymentPostprocessing = 0;
			shellPath = /bin/sh;
			shellScript = "\"${SRCROOT}/Pods/Target Support Files/Pods-FinalProjectiOS/Pods-FinalProjectiOS-frameworks.sh\"\n";
			showEnvVarsInLog = 0;
		};
		AC69EAD43231FA8FBCBD9679 /* [CP] Check Pods Manifest.lock */ = {
			isa = PBXShellScriptBuildPhase;
			buildActionMask = 2147483647;
			files = (
			);
			inputFileListPaths = (
			);
			inputPaths = (
				"${PODS_PODFILE_DIR_PATH}/Podfile.lock",
				"${PODS_ROOT}/Manifest.lock",
			);
			name = "[CP] Check Pods Manifest.lock";
			outputFileListPaths = (
			);
			outputPaths = (
				"$(DERIVED_FILE_DIR)/Pods-FinalProjectiOS-checkManifestLockResult.txt",
			);
			runOnlyForDeploymentPostprocessing = 0;
			shellPath = /bin/sh;
			shellScript = "diff \"${PODS_PODFILE_DIR_PATH}/Podfile.lock\" \"${PODS_ROOT}/Manifest.lock\" > /dev/null\nif [ $? != 0 ] ; then\n    # print error to STDERR\n    echo \"error: The sandbox is not in sync with the Podfile.lock. Run 'pod install' or update your CocoaPods installation.\" >&2\n    exit 1\nfi\n# This output is used by Xcode 'outputs' to avoid re-running this script phase.\necho \"SUCCESS\" > \"${SCRIPT_OUTPUT_FILE_0}\"\n";
			showEnvVarsInLog = 0;
		};
		CB3F13FE430C21289D02BF85 /* [CP] Copy Pods Resources */ = {
			isa = PBXShellScriptBuildPhase;
			buildActionMask = 2147483647;
			files = (
			);
			inputFileListPaths = (
			);
			inputPaths = (
				"${SRCROOT}/Pods/Target Support Files/Pods-FinalProjectiOS/Pods-FinalProjectiOS-resources.sh",
				"${PODS_ROOT}/GoogleMaps/Maps/Frameworks/GoogleMaps.framework/Resources/GoogleMaps.bundle",
				"${PODS_ROOT}/GooglePlaces/Frameworks/GooglePlaces.framework/Resources/GooglePlaces.bundle",
			);
			name = "[CP] Copy Pods Resources";
			outputFileListPaths = (
			);
			outputPaths = (
				"${TARGET_BUILD_DIR}/${UNLOCALIZED_RESOURCES_FOLDER_PATH}/GoogleMaps.bundle",
				"${TARGET_BUILD_DIR}/${UNLOCALIZED_RESOURCES_FOLDER_PATH}/GooglePlaces.bundle",
			);
			runOnlyForDeploymentPostprocessing = 0;
			shellPath = /bin/sh;
			shellScript = "\"${SRCROOT}/Pods/Target Support Files/Pods-FinalProjectiOS/Pods-FinalProjectiOS-resources.sh\"\n";
			showEnvVarsInLog = 0;
		};
/* End PBXShellScriptBuildPhase section */

/* Begin PBXSourcesBuildPhase section */
		26772E04219B96E000F5EAF8 /* Sources */ = {
			isa = PBXSourcesBuildPhase;
			buildActionMask = 2147483647;
			files = (
				26F2A8FE21AB4DFD0058621F /* AddItemViewControllerImages.swift in Sources */,
				2600B27B219DFCD000B6A55B /* MyProfileViewController.swift in Sources */,
				26F2A90021AB50620058621F /* AddItemViewControllerLocation.swift in Sources */,
				26A6AEAA219E0F82009157D6 /* PasswordResetViewController.swift in Sources */,
				26772E22219BA1FF00F5EAF8 /* LandingScreenViewController.swift in Sources */,
				26B38804219DE371000F176F /* tabBarController.swift in Sources */,
				9F2463D2219FB844002A180F /* mapViewController.swift in Sources */,
				26218C1521A3A47300D6FBC6 /* AddItemViewController.swift in Sources */,
				26772E1E219B9FAF00F5EAF8 /* SignUpViewController.swift in Sources */,
				26772E0C219B96E100F5EAF8 /* AppDelegate.swift in Sources */,
			);
			runOnlyForDeploymentPostprocessing = 0;
		};
/* End PBXSourcesBuildPhase section */

/* Begin PBXVariantGroup section */
		26772E0F219B96E100F5EAF8 /* Main.storyboard */ = {
			isa = PBXVariantGroup;
			children = (
				26772E10219B96E100F5EAF8 /* Base */,
			);
			name = Main.storyboard;
			sourceTree = "<group>";
		};
		26772E14219B96E100F5EAF8 /* LaunchScreen.storyboard */ = {
			isa = PBXVariantGroup;
			children = (
				26772E15219B96E100F5EAF8 /* Base */,
			);
			name = LaunchScreen.storyboard;
			sourceTree = "<group>";
		};
/* End PBXVariantGroup section */

/* Begin XCBuildConfiguration section */
		26772E18219B96E100F5EAF8 /* Debug */ = {
			isa = XCBuildConfiguration;
			buildSettings = {
				ALWAYS_SEARCH_USER_PATHS = NO;
				CLANG_ANALYZER_NONNULL = YES;
				CLANG_ANALYZER_NUMBER_OBJECT_CONVERSION = YES_AGGRESSIVE;
				CLANG_CXX_LANGUAGE_STANDARD = "gnu++14";
				CLANG_CXX_LIBRARY = "libc++";
				CLANG_ENABLE_MODULES = YES;
				CLANG_ENABLE_OBJC_ARC = YES;
				CLANG_ENABLE_OBJC_WEAK = YES;
				CLANG_WARN_BLOCK_CAPTURE_AUTORELEASING = YES;
				CLANG_WARN_BOOL_CONVERSION = YES;
				CLANG_WARN_COMMA = YES;
				CLANG_WARN_CONSTANT_CONVERSION = YES;
				CLANG_WARN_DEPRECATED_OBJC_IMPLEMENTATIONS = YES;
				CLANG_WARN_DIRECT_OBJC_ISA_USAGE = YES_ERROR;
				CLANG_WARN_DOCUMENTATION_COMMENTS = YES;
				CLANG_WARN_EMPTY_BODY = YES;
				CLANG_WARN_ENUM_CONVERSION = YES;
				CLANG_WARN_INFINITE_RECURSION = YES;
				CLANG_WARN_INT_CONVERSION = YES;
				CLANG_WARN_NON_LITERAL_NULL_CONVERSION = YES;
				CLANG_WARN_OBJC_IMPLICIT_RETAIN_SELF = YES;
				CLANG_WARN_OBJC_LITERAL_CONVERSION = YES;
				CLANG_WARN_OBJC_ROOT_CLASS = YES_ERROR;
				CLANG_WARN_RANGE_LOOP_ANALYSIS = YES;
				CLANG_WARN_STRICT_PROTOTYPES = YES;
				CLANG_WARN_SUSPICIOUS_MOVE = YES;
				CLANG_WARN_UNGUARDED_AVAILABILITY = YES_AGGRESSIVE;
				CLANG_WARN_UNREACHABLE_CODE = YES;
				CLANG_WARN__DUPLICATE_METHOD_MATCH = YES;
				CODE_SIGN_IDENTITY = "iPhone Developer";
				COPY_PHASE_STRIP = NO;
				DEBUG_INFORMATION_FORMAT = dwarf;
				ENABLE_STRICT_OBJC_MSGSEND = YES;
				ENABLE_TESTABILITY = YES;
				GCC_C_LANGUAGE_STANDARD = gnu11;
				GCC_DYNAMIC_NO_PIC = NO;
				GCC_NO_COMMON_BLOCKS = YES;
				GCC_OPTIMIZATION_LEVEL = 0;
				GCC_PREPROCESSOR_DEFINITIONS = (
					"DEBUG=1",
					"$(inherited)",
				);
				GCC_WARN_64_TO_32_BIT_CONVERSION = YES;
				GCC_WARN_ABOUT_RETURN_TYPE = YES_ERROR;
				GCC_WARN_UNDECLARED_SELECTOR = YES;
				GCC_WARN_UNINITIALIZED_AUTOS = YES_AGGRESSIVE;
				GCC_WARN_UNUSED_FUNCTION = YES;
				GCC_WARN_UNUSED_VARIABLE = YES;
				IPHONEOS_DEPLOYMENT_TARGET = 12.1;
				MTL_ENABLE_DEBUG_INFO = INCLUDE_SOURCE;
				MTL_FAST_MATH = YES;
				ONLY_ACTIVE_ARCH = YES;
				SDKROOT = iphoneos;
				SWIFT_ACTIVE_COMPILATION_CONDITIONS = DEBUG;
				SWIFT_OPTIMIZATION_LEVEL = "-Onone";
			};
			name = Debug;
		};
		26772E19219B96E100F5EAF8 /* Release */ = {
			isa = XCBuildConfiguration;
			buildSettings = {
				ALWAYS_SEARCH_USER_PATHS = NO;
				CLANG_ANALYZER_NONNULL = YES;
				CLANG_ANALYZER_NUMBER_OBJECT_CONVERSION = YES_AGGRESSIVE;
				CLANG_CXX_LANGUAGE_STANDARD = "gnu++14";
				CLANG_CXX_LIBRARY = "libc++";
				CLANG_ENABLE_MODULES = YES;
				CLANG_ENABLE_OBJC_ARC = YES;
				CLANG_ENABLE_OBJC_WEAK = YES;
				CLANG_WARN_BLOCK_CAPTURE_AUTORELEASING = YES;
				CLANG_WARN_BOOL_CONVERSION = YES;
				CLANG_WARN_COMMA = YES;
				CLANG_WARN_CONSTANT_CONVERSION = YES;
				CLANG_WARN_DEPRECATED_OBJC_IMPLEMENTATIONS = YES;
				CLANG_WARN_DIRECT_OBJC_ISA_USAGE = YES_ERROR;
				CLANG_WARN_DOCUMENTATION_COMMENTS = YES;
				CLANG_WARN_EMPTY_BODY = YES;
				CLANG_WARN_ENUM_CONVERSION = YES;
				CLANG_WARN_INFINITE_RECURSION = YES;
				CLANG_WARN_INT_CONVERSION = YES;
				CLANG_WARN_NON_LITERAL_NULL_CONVERSION = YES;
				CLANG_WARN_OBJC_IMPLICIT_RETAIN_SELF = YES;
				CLANG_WARN_OBJC_LITERAL_CONVERSION = YES;
				CLANG_WARN_OBJC_ROOT_CLASS = YES_ERROR;
				CLANG_WARN_RANGE_LOOP_ANALYSIS = YES;
				CLANG_WARN_STRICT_PROTOTYPES = YES;
				CLANG_WARN_SUSPICIOUS_MOVE = YES;
				CLANG_WARN_UNGUARDED_AVAILABILITY = YES_AGGRESSIVE;
				CLANG_WARN_UNREACHABLE_CODE = YES;
				CLANG_WARN__DUPLICATE_METHOD_MATCH = YES;
				CODE_SIGN_IDENTITY = "iPhone Developer";
				COPY_PHASE_STRIP = NO;
				DEBUG_INFORMATION_FORMAT = "dwarf-with-dsym";
				ENABLE_NS_ASSERTIONS = NO;
				ENABLE_STRICT_OBJC_MSGSEND = YES;
				GCC_C_LANGUAGE_STANDARD = gnu11;
				GCC_NO_COMMON_BLOCKS = YES;
				GCC_WARN_64_TO_32_BIT_CONVERSION = YES;
				GCC_WARN_ABOUT_RETURN_TYPE = YES_ERROR;
				GCC_WARN_UNDECLARED_SELECTOR = YES;
				GCC_WARN_UNINITIALIZED_AUTOS = YES_AGGRESSIVE;
				GCC_WARN_UNUSED_FUNCTION = YES;
				GCC_WARN_UNUSED_VARIABLE = YES;
				IPHONEOS_DEPLOYMENT_TARGET = 12.1;
				MTL_ENABLE_DEBUG_INFO = NO;
				MTL_FAST_MATH = YES;
				SDKROOT = iphoneos;
				SWIFT_COMPILATION_MODE = wholemodule;
				SWIFT_OPTIMIZATION_LEVEL = "-O";
				VALIDATE_PRODUCT = YES;
			};
			name = Release;
		};
		26772E1B219B96E100F5EAF8 /* Debug */ = {
			isa = XCBuildConfiguration;
			baseConfigurationReference = CB4CCA8A6AD509FA17DDBA17 /* Pods-FinalProjectiOS.debug.xcconfig */;
			buildSettings = {
				ASSETCATALOG_COMPILER_APPICON_NAME = AppIcon;
				CODE_SIGN_STYLE = Automatic;
				DEVELOPMENT_TEAM = S62ANKG3CL;
				INFOPLIST_FILE = FinalProjectiOS/Info.plist;
				LD_RUNPATH_SEARCH_PATHS = (
					"$(inherited)",
					"@executable_path/Frameworks",
				);
				PRODUCT_BUNDLE_IDENTIFIER = com.Chris.Yeung2468.FinalProjectiOS;
				PRODUCT_NAME = "$(TARGET_NAME)";
				SWIFT_VERSION = 4.2;
				TARGETED_DEVICE_FAMILY = "1,2";
			};
			name = Debug;
		};
		26772E1C219B96E100F5EAF8 /* Release */ = {
			isa = XCBuildConfiguration;
			baseConfigurationReference = 2506D2A1E15411F60EFB0AC2 /* Pods-FinalProjectiOS.release.xcconfig */;
			buildSettings = {
				ASSETCATALOG_COMPILER_APPICON_NAME = AppIcon;
				CODE_SIGN_STYLE = Automatic;
				DEVELOPMENT_TEAM = S62ANKG3CL;
				INFOPLIST_FILE = FinalProjectiOS/Info.plist;
				LD_RUNPATH_SEARCH_PATHS = (
					"$(inherited)",
					"@executable_path/Frameworks",
				);
				PRODUCT_BUNDLE_IDENTIFIER = com.Chris.Yeung2468.FinalProjectiOS;
				PRODUCT_NAME = "$(TARGET_NAME)";
				SWIFT_VERSION = 4.2;
				TARGETED_DEVICE_FAMILY = "1,2";
			};
			name = Release;
		};
/* End XCBuildConfiguration section */

/* Begin XCConfigurationList section */
		26772E03219B96E000F5EAF8 /* Build configuration list for PBXProject "FinalProjectiOS" */ = {
			isa = XCConfigurationList;
			buildConfigurations = (
				26772E18219B96E100F5EAF8 /* Debug */,
				26772E19219B96E100F5EAF8 /* Release */,
			);
			defaultConfigurationIsVisible = 0;
			defaultConfigurationName = Release;
		};
		26772E1A219B96E100F5EAF8 /* Build configuration list for PBXNativeTarget "FinalProjectiOS" */ = {
			isa = XCConfigurationList;
			buildConfigurations = (
				26772E1B219B96E100F5EAF8 /* Debug */,
				26772E1C219B96E100F5EAF8 /* Release */,
			);
			defaultConfigurationIsVisible = 0;
			defaultConfigurationName = Release;
		};
/* End XCConfigurationList section */
	};
	rootObject = 26772E00219B96E000F5EAF8 /* Project object */;
}
